{
  "projects": [
    {
      "projectId": "7nJ7UcFmq9UzB6eXfC5z4a",
      "version": "0.19.0",
      "dependencies": {},
      "lang": "js",
      "fileLocks": [
        {
          "assetId": "7nJ7UcFmq9UzB6eXfC5z4a",
          "type": "projectCss",
          "checksum": "05587b57f22f0ec8bb54543deb39762e"
        }
      ],
      "codegenVersion": "0.0.1"
    },
    {
      "projectId": "8g69JuxFDM1SNwBXrCiogu",
      "version": "latest",
      "dependencies": {
        "7nJ7UcFmq9UzB6eXfC5z4a": "0.19.0"
      },
      "lang": "js",
      "fileLocks": [
        {
          "type": "globalVariant",
          "assetId": "9TvyGUvvqXGv",
          "checksum": "0fd7a3afe1c3be1efa3b13a30d137971"
        },
        {
          "assetId": "8g69JuxFDM1SNwBXrCiogu",
          "type": "projectCss",
          "checksum": "6ed163084addb5a55d84e7d0e6b15474"
        },
        {
          "type": "renderModule",
          "assetId": "ixvvSzdUjYKq",
          "checksum": "918d4ed8c4a93428e8d9a5fc7954e12a"
        },
        {
          "type": "cssRules",
          "assetId": "ixvvSzdUjYKq",
          "checksum": "918d4ed8c4a93428e8d9a5fc7954e12a"
        },
        {
          "type": "renderModule",
          "assetId": "Hvs88RiMbS4D",
          "checksum": "c4fcdea6796f017de82fc96558196327"
        },
        {
          "type": "cssRules",
          "assetId": "Hvs88RiMbS4D",
          "checksum": "c4fcdea6796f017de82fc96558196327"
        },
        {
          "type": "renderModule",
          "assetId": "BC5Jfo7dWNTY",
          "checksum": "cb168d7a67a965cb36cbec428fa1f641"
        },
        {
          "type": "cssRules",
          "assetId": "BC5Jfo7dWNTY",
          "checksum": "cb168d7a67a965cb36cbec428fa1f641"
        },
        {
          "type": "renderModule",
          "assetId": "gggzi_l3Yl84",
          "checksum": "d6fa0e07acf9b38813771b064997f274"
        },
        {
          "type": "cssRules",
          "assetId": "gggzi_l3Yl84",
          "checksum": "d6fa0e07acf9b38813771b064997f274"
        },
        {
          "type": "renderModule",
          "assetId": "n_D6v79uvc4q",
          "checksum": "2a51e4407a43115b0553e3c978313e6a"
        },
        {
          "type": "cssRules",
          "assetId": "n_D6v79uvc4q",
          "checksum": "2a51e4407a43115b0553e3c978313e6a"
        },
        {
          "type": "renderModule",
          "assetId": "S6AGS__EsRXH",
          "checksum": "bb53b3db5c1515f3a66e71c9446bc8c7"
        },
        {
          "type": "cssRules",
          "assetId": "S6AGS__EsRXH",
          "checksum": "bb53b3db5c1515f3a66e71c9446bc8c7"
        },
        {
          "type": "renderModule",
          "assetId": "LvmZFaX-50Rg",
          "checksum": "d1ba9cc3e18af8415a0c536a03f2849a"
        },
        {
          "type": "cssRules",
          "assetId": "LvmZFaX-50Rg",
          "checksum": "d1ba9cc3e18af8415a0c536a03f2849a"
        },
        {
          "type": "renderModule",
          "assetId": "7kFTmwy5elNL",
          "checksum": "100e135500e8878742df08fa688bf131"
        },
        {
          "type": "cssRules",
          "assetId": "7kFTmwy5elNL",
          "checksum": "100e135500e8878742df08fa688bf131"
        },
        {
          "type": "renderModule",
          "assetId": "ijWd3E0XXn",
          "checksum": "46180caf5c77e58d79d23dd9df6ebf27"
        },
        {
          "type": "cssRules",
          "assetId": "ijWd3E0XXn",
          "checksum": "46180caf5c77e58d79d23dd9df6ebf27"
        },
        {
          "type": "renderModule",
          "assetId": "6flsr0B0OR",
          "checksum": "359df08b7c3dd80942fbeda67c69514e"
        },
        {
          "type": "cssRules",
          "assetId": "6flsr0B0OR",
          "checksum": "359df08b7c3dd80942fbeda67c69514e"
        },
        {
          "type": "icon",
          "assetId": "TnjkTEQLnaZM",
          "checksum": "a7cb0bd5c94e0a914ede8696af398eb7"
        },
        {
          "type": "icon",
          "assetId": "uNIUE1HoLVI_",
          "checksum": "2ed2c1ce35fc87c1491a5df834d12710"
        },
        {
          "type": "icon",
          "assetId": "wjgDcJwMmTDO",
          "checksum": "7b9730afac4d5ff324e0da64685d8503"
        },
        {
          "type": "icon",
          "assetId": "66ZW23etv-YQ",
          "checksum": "f7df8dec3f784572cd99a1c872126124"
        },
        {
          "type": "icon",
          "assetId": "MojV5-p9cry9",
          "checksum": "c6096e00022dbd59e813c34a552d3de0"
        },
        {
          "type": "icon",
          "assetId": "MjRbilNkXbf4",
          "checksum": "99460d97f3e0d9b13ac5688c88d1d86b"
        },
        {
          "type": "icon",
          "assetId": "VrAq-l7Ep3Sy",
          "checksum": "4a2ce3675ca775e69eaaf6dbf7be6791"
        },
        {
          "type": "icon",
          "assetId": "Vzh1arCUZcem",
          "checksum": "48758bd0b8ffd8fb03c6383085420da9"
        },
        {
          "type": "icon",
          "assetId": "knoYIUWOJpPB",
          "checksum": "cc008ee7e466e0c51e1e16452570401f"
        },
        {
          "type": "icon",
          "assetId": "DoyyBJS_RICe",
          "checksum": "7aa19968a9c051c74f7c3ecaed80ddd9"
        },
        {
          "type": "icon",
          "assetId": "p-BPD-SYwu",
          "checksum": "3c652b2e56550a73871427d1eee58a83"
        },
        {
          "type": "icon",
          "assetId": "RquQ9TLCpD",
          "checksum": "a6083651c143bf0223ea85efe331b85c"
        },
        {
          "type": "icon",
          "assetId": "lSFlphKXoF",
          "checksum": "f1df8e581d15f112c27de1e71e48c22f"
        },
        {
          "type": "icon",
          "assetId": "FkitMdjLGy",
          "checksum": "1489b67e378a6ffdea5bcedd455beef8"
        },
        {
          "type": "icon",
          "assetId": "b_SIrNCzxm",
          "checksum": "3018ccf4bc259978b695ecfdafe82432"
        },
        {
          "type": "icon",
          "assetId": "kAOi6O_TdH",
          "checksum": "8c515691b8d4ca225a1007ec92411eb6"
        },
        {
          "type": "icon",
          "assetId": "6jNVLPYnVx",
          "checksum": "7143fbedbfb4fb12140babc96fd9cc38"
        },
        {
          "type": "icon",
          "assetId": "wBFij2Vtuk",
          "checksum": "6733c1714b90ccf4d5e656385a0cec31"
        },
        {
          "type": "icon",
          "assetId": "BtRWLM_e6fn",
          "checksum": "88fc8eb11d3fed9d695ad1e31fc3c47a"
        },
        {
          "type": "icon",
          "assetId": "lXybSqttgmm",
          "checksum": "b429f28f49db4526ae6d335fe8db9492"
        },
        {
          "type": "icon",
          "assetId": "-Bf1yN8xAeY",
          "checksum": "ecbf920159dc993dd996c47f33d8feef"
        },
        {
          "type": "icon",
          "assetId": "NYJumQgiPKe",
          "checksum": "7eaff55dcea59abd9ac08493309e3d63"
        },
        {
          "type": "icon",
          "assetId": "dPFXwuhPbGG",
          "checksum": "8448385c28f864576fe506c7ecc474c4"
        },
        {
          "type": "icon",
          "assetId": "rwWRgkWoCTx",
          "checksum": "8de97d95471866a155fd39b24ed1ef00"
        },
        {
          "type": "icon",
          "assetId": "y--P00rP7iM",
          "checksum": "1a25a01b087d4a12638d194f1261b051"
        },
        {
          "type": "icon",
          "assetId": "4AWbf9phueD",
          "checksum": "9cc327f8f66cb5520fb14238d803ed5f"
        },
        {
          "type": "icon",
          "assetId": "RLC0ykaIGcL",
          "checksum": "4ee1ddac6c21dbcc21e0294883b6601b"
        },
        {
          "type": "icon",
          "assetId": "QDTBpr23PaK",
          "checksum": "5d3ac801dc81857901eb087b69a1c3e6"
        },
        {
          "type": "icon",
          "assetId": "TFNzHi-tf4K",
          "checksum": "77640c2206a1890017ffccecd41dc52b"
        },
        {
          "type": "icon",
          "assetId": "BAifUsizPBO",
          "checksum": "52cbcd126cd72a691fea46d93fa4c6bf"
        },
        {
          "type": "icon",
          "assetId": "-HY7Vpm7blO",
          "checksum": "022b088a6653ff8d9b18176df4963ac8"
        },
        {
          "type": "icon",
          "assetId": "l8MrTa12Nis",
          "checksum": "c197056d585a9021e635a6f0809f216e"
        },
        {
          "type": "icon",
          "assetId": "F-bCP4LAkm0",
          "checksum": "c9079a26698755ab64e93f13f3d68816"
        },
        {
          "type": "icon",
          "assetId": "dmXvx-3vHqv",
          "checksum": "cd157c5b56aceb47af8e24d2da211a8e"
        },
        {
          "type": "icon",
          "assetId": "qSpX07k5Swu",
          "checksum": "14211524b7ae558ba1a720a257c69e65"
        },
        {
          "type": "icon",
          "assetId": "0_0C57Fe3Vx",
          "checksum": "e03a9bfc3bd91e81ca9097b8862b51fb"
        },
        {
          "type": "icon",
          "assetId": "gM09r3q1e0x",
          "checksum": "218de404637de949c9f638dafe97f3d6"
        },
        {
          "type": "icon",
          "assetId": "Nmx4tGV3TDv",
          "checksum": "0466a8a65f7e7a9a12d67b802caa2aa7"
        },
        {
          "type": "icon",
          "assetId": "32sjULeyv",
          "checksum": "403d3eee28a2f582f795438dc3073657"
        },
        {
          "type": "icon",
          "assetId": "3r6kfreDGJ",
          "checksum": "973c0c8f9273c7ad0880e79b6b8c631e"
        },
        {
          "type": "icon",
          "assetId": "tt3fR_xhTg",
          "checksum": "dbb4c3ead293509083a47278dc6bf4f1"
        },
        {
          "type": "icon",
          "assetId": "z7BvAXijys",
          "checksum": "e580fec1a80e07ee2319f8c545066093"
        },
        {
          "type": "icon",
          "assetId": "yOcN7faUkG",
          "checksum": "de3deab98ddabec0b25b57f74492aeb2"
        },
        {
          "type": "icon",
          "assetId": "4Im_MZZWQ6",
          "checksum": "0e07b6bdfb5726022c596f6e6304a781"
        },
        {
          "type": "image",
          "assetId": "DdlVmgP1SOyO",
          "checksum": "da88d012204e2f932edb794e57647ff6"
        },
        {
          "type": "image",
          "assetId": "DSEmGmxEdQ_j",
          "checksum": "f56c48d479a2fb093757286f816e9b38"
        },
        {
          "type": "image",
          "assetId": "-O08ecdbbxcU",
          "checksum": "423b21f44809ac6fc2583783b88ed80c"
        },
        {
          "type": "image",
          "assetId": "fhZ3yASgSfdQ",
          "checksum": "f7e60e971d9bef9bde644149192206b0"
        },
        {
          "type": "image",
          "assetId": "_-rwM0DMJYMr",
          "checksum": "7c931e83cae2ac7a948ace2c52c042b6"
        },
        {
          "type": "image",
          "assetId": "qziTNYKo2uS7",
          "checksum": "7f6608fb15cd30b9a627c41a4721fe79"
        },
        {
          "type": "image",
          "assetId": "lk1wfM5Wxs6P",
          "checksum": "fa6e9dfcb3a2385d16427ea1731e5cf4"
        },
        {
          "type": "image",
          "assetId": "rbpNqU0LPtwx",
          "checksum": "7cfcebc503ba93fa34057f616c58e99a"
        },
        {
          "type": "image",
          "assetId": "AkmJPgpb4149",
          "checksum": "70940e86df8f939b838fa241ae25a43d"
        },
        {
          "type": "image",
          "assetId": "TGttXjoMtMpY",
          "checksum": "d3a78a50ebeea07d5254365d5534dd8e"
        },
        {
          "type": "image",
          "assetId": "XwMyvSeXrcvp",
          "checksum": "09e990712742282321c1f3129169c170"
        },
        {
          "type": "image",
          "assetId": "pcn9yA34pc4L",
          "checksum": "4647764f3dead3928a339f1d2d623e6d"
        },
        {
          "type": "image",
          "assetId": "gydv25fgsjxV",
          "checksum": "30ff85e6965684d99f8568d6c36b38f6"
        },
        {
          "type": "image",
          "assetId": "NWSACWtty54E",
          "checksum": "7366200c2cf7739174b8d4c84325fcd6"
        },
        {
          "type": "image",
          "assetId": "pyQvqZooSpTS",
          "checksum": "67c95771305a8e9201131a326aff71fa"
        },
        {
          "type": "image",
          "assetId": "snCGofusppx3",
          "checksum": "f7b9e593dcc624c395bbdbeb3ffb6628"
        },
        {
          "type": "image",
          "assetId": "kUEZsO77074C",
          "checksum": "f46d220e33525f6f1150b904771f255d"
        },
        {
          "type": "image",
          "assetId": "JR2cx4Xcg5NA",
          "checksum": "390f0ec33e87b30f723b5e53f09e11ce"
        },
        {
          "type": "image",
          "assetId": "NDhju66St2pE",
          "checksum": "18a543020ef54295ce5f1298172c9661"
        },
        {
          "type": "image",
          "assetId": "ynJMg3sfZuRo",
          "checksum": "5b8b27f6bf9948e472e2168e9a154907"
        },
        {
          "type": "image",
          "assetId": "y8Pe9qsIf8gf",
          "checksum": "70b7219dabc86c1267336e11edb86518"
        },
        {
          "type": "image",
          "assetId": "C0mZtgoMUJR7",
          "checksum": "9a97ef56b5aff7cbd8d0725e00cea049"
        },
        {
          "type": "image",
          "assetId": "k4rUjr6G8dtt",
          "checksum": "9165a9ffda4fbbe471569ace198b9f91"
        },
        {
          "type": "image",
          "assetId": "SvmgppSlCnS7",
          "checksum": "e75733f0dc47747680bda9a0e06e734a"
        },
        {
          "type": "image",
          "assetId": "dcaqIwjgyrif",
          "checksum": "32a4e959935eb8f0fd1014a75b4fe7eb"
        },
        {
          "type": "image",
          "assetId": "aWJtF84RWiGa",
          "checksum": "99a8a605b0ee1ce3edd3bb15771edf82"
        },
        {
          "type": "image",
          "assetId": "ytHae_OfigU5",
          "checksum": "ae2b5d7ba891d83b6b896a5d577d5745"
        },
        {
          "type": "image",
          "assetId": "faSPT09O1p5M",
          "checksum": "a4e49e99023dfa82050a6c4e6a914cc5"
        },
        {
          "type": "image",
          "assetId": "m9Anhyg1bh3E",
          "checksum": "71420a3d2312e2202cf3a0f0dc604669"
        },
        {
          "type": "image",
          "assetId": "MBqZYuaa6BQx",
          "checksum": "47ea6110316115c4d638966a0092f3d3"
        },
        {
          "type": "image",
          "assetId": "HRM4Ll5JOalb",
          "checksum": "15377dea3a3f10c26758f4e833874d70"
        },
        {
          "type": "image",
          "assetId": "JFbdr-B5inJ5",
          "checksum": "5ad14a1ad8ec6f8ab3259f048395147d"
        },
        {
          "type": "image",
          "assetId": "hsD8nznwtKxb",
          "checksum": "a0c12a89ceec44a366e7f971fd9b762a"
        },
        {
          "type": "image",
          "assetId": "Jc99gt7aFM0-",
          "checksum": "9864575984e8a119eee819ae4af38913"
        },
        {
          "type": "image",
          "assetId": "tZY-UC2HMNSN",
          "checksum": "85171cccd40f4d67c90d7e1f469cab9e"
        },
        {
          "type": "image",
          "assetId": "ZJOlsSElDoNU",
          "checksum": "6795bc3a09adf4a2a7d3df327368dcd0"
        },
        {
          "type": "image",
          "assetId": "hpFKqyccYOKV",
          "checksum": "f7c814c98857292b1f55168d42958358"
        },
        {
          "type": "image",
          "assetId": "1deVdJPBLh5d",
          "checksum": "a7310abcb187e5f4f937af39f9642ae4"
        },
        {
          "type": "image",
          "assetId": "B9scEu3r-BzI",
          "checksum": "bbe845061f11612b095896e42796b3fa"
        },
        {
          "type": "image",
          "assetId": "5yfYAkC5ViZY",
          "checksum": "a8ef3b91c32dc8e7a19f389ca700a790"
        },
        {
          "type": "image",
          "assetId": "VRK2tkWAJB27",
          "checksum": "a1acf13301117322e8f759aa146218ab"
        },
        {
          "type": "image",
          "assetId": "fnXn5eMLj",
          "checksum": "92ed499ad08e1eee7f5de965895d767e"
        },
        {
          "type": "image",
          "assetId": "szBULZijCB",
          "checksum": "0e51ae8573874bda444ca3172532f3e7"
        },
        {
          "type": "image",
          "assetId": "8DhM_2NpTN",
          "checksum": "55ffdc547128fe1931983e3f41ebdb5a"
        },
        {
          "type": "image",
          "assetId": "WTn_2Ki6Q3",
          "checksum": "da0182330e675d2633e8583c6cd4d7c3"
        },
        {
          "type": "image",
          "assetId": "8vpBwtLdK8",
          "checksum": "f0d740b5c16eebf5ec9e43421630ecbe"
        },
        {
          "type": "image",
          "assetId": "nyiT_g4a02",
          "checksum": "08f440cb49bd2f0674416eb0bcd2e6b3"
        },
        {
          "type": "image",
          "assetId": "rg5yXQy5uz",
          "checksum": "1c0409323446ee36f0ea2f1a1fa628de"
        },
        {
          "type": "image",
          "assetId": "VaRUMuqg8",
          "checksum": "726768785cbce5499ba4ff783d5a15e6"
        },
        {
          "type": "image",
          "assetId": "gDyXUXBdbb",
          "checksum": "835e4c79b0f25e834fc7da47851a0ffa"
        },
        {
          "type": "image",
          "assetId": "vDzsb-qDbq",
          "checksum": "974058d17cc5d9a4281390b4d5e37132"
        },
        {
          "type": "image",
          "assetId": "kV9Pv70HZO",
          "checksum": "c609aeee27d4d4fed59336c0a965e21f"
        },
        {
          "type": "image",
          "assetId": "sjmgzptoPh",
          "checksum": "9b3d01f1171ba7bc7674bce07c9f6363"
        },
        {
          "type": "image",
          "assetId": "I8U42Ruvxp",
          "checksum": "a919abb63326ea57182c0bf18f180762"
        },
        {
          "type": "image",
          "assetId": "IgUUuUaed_",
          "checksum": "78d5ee7faf25f04a2acde2831af15687"
        },
        {
          "type": "image",
          "assetId": "9Pe6CT9WZk",
          "checksum": "ebf537a9cbc0dd0d6ba4d893738ecc56"
        },
        {
          "type": "image",
          "assetId": "3sjXpHDnGN",
          "checksum": "2461e034aaafaa64bc71258b726ece6d"
        },
        {
          "type": "image",
          "assetId": "pvqvVUUjn0D",
          "checksum": "b2edf014a53c09913de7b91f54fae3e4"
        },
        {
          "type": "image",
          "assetId": "R-vPOHgEoiG",
          "checksum": "41e75db859ddcfe12e7074c6b4a72b55"
        },
        {
          "type": "image",
          "assetId": "Okbhjy8eV0-",
          "checksum": "12a8d3130f1b45cef7db716ef1aa27f6"
        },
        {
          "type": "image",
          "assetId": "GSFwZ-UcZif",
          "checksum": "bed0482a8e8e0beb9f4d5d672e0c92a6"
        },
        {
          "type": "image",
          "assetId": "8aGlkxUwaV1",
          "checksum": "9f51ed53de90226a73a8e0e76cf05b86"
        },
        {
          "type": "image",
          "assetId": "Xu5qXLPc9eL",
          "checksum": "e296284684d6d6e6c35ffb2910657849"
        },
        {
          "type": "image",
          "assetId": "EUOH0uio8Jz",
          "checksum": "e499b19e3c6bfd226341ab52333d5d67"
        },
        {
          "type": "image",
          "assetId": "GqnshVSPtl3",
          "checksum": "f338c78801a67401053fa03387d19f4f"
        },
        {
          "type": "image",
          "assetId": "Lo9cP-iFfw",
          "checksum": "7352a414aefaea966f20be1167c2a576"
        },
        {
          "type": "image",
          "assetId": "mioTF_33ux",
          "checksum": "8e64c8a53cd6aec5b5c311959536a910"
        },
        {
          "type": "image",
          "assetId": "vywq9YBMPV",
          "checksum": "ed03ea36d659997aea77882a99843407"
        },
        {
          "type": "image",
          "assetId": "p5sUs4dFnB",
          "checksum": "502b0031c8df0f13a54b7781eaf83d81"
        }
      ],
      "codegenVersion": "0.0.1"
    }
  ],
  "cliVersion": "0.1.304"
}
